
Microsoft Visual Studio Solution File, Format Version 12.00
# Visual Studio 14
VisualStudioVersion = 14.0.25420.1
MinimumVisualStudioVersion = 10.0.40219.1
Project("{8BC9CEB8-8B4A-11D0-8D11-00A0C91BC942}") = "PCM-Lib", "PCM-Lib_Win\PCM-Lib.vcxproj", "{A4206CE7-A913-42ED-B3B9-F7CF5076633B}"
EndProject
Project("{8BC9CEB8-8B4A-11D0-8D11-00A0C91BC942}") = "pcm", "PCM_Win\pcm.vcxproj", "{D919CF99-5D9F-46C9-B6F0-626700E63592}"
EndProject
Project("{8BC9CEB8-8B4A-11D0-8D11-00A0C91BC942}") = "pcm-core-win", "PCM-Core_Win\pcm-core-win.vcxproj", "{CBF0B26F-19F5-4A76-BAB1-2585212026FC}"
EndProject
Project("{8BC9CEB8-8B4A-11D0-8D11-00A0C91BC942}") = "pcm-memory-win", "PCM-Memory_Win\pcm-memory-win.vcxproj", "{BD669CC4-261D-493F-981F-DA3FED0B39F6}"
EndProject
Project("{8BC9CEB8-8B4A-11D0-8D11-00A0C91BC942}") = "pcm-msr-win", "PCM-MSR_Win\pcm-msr-win.vcxproj", "{E93F94F8-1797-4BF7-BC7F-8EF144FF17D9}"
EndProject
Project("{8BC9CEB8-8B4A-11D0-8D11-00A0C91BC942}") = "pcm-numa-win", "PCM-NUMA_Win\pcm-numa-win.vcxproj", "{45AB82E6-DADE-46E8-84D0-7481D2818849}"
EndProject
Project("{8BC9CEB8-8B4A-11D0-8D11-00A0C91BC942}") = "pcm-pcie-win", "PCM-PCIE_Win\pcm-pcie-win.vcxproj", "{1FAE01E6-5CD0-4C91-8C82-4FBCBB4CC419}"
EndProject
Project("{8BC9CEB8-8B4A-11D0-8D11-00A0C91BC942}") = "pcm-power-win", "PCM-Power_Win\pcm-power-win.vcxproj", "{78F57684-F6F2-4691-B498-C7FC0731F875}"
EndProject
Project("{8BC9CEB8-8B4A-11D0-8D11-00A0C91BC942}") = "PCM-Service", "PCM-Service_Win\PCMService.vcxproj", "{A0DD26AB-CC35-41E5-B676-1E0FBCEF0DDC}"
	ProjectSection(ProjectDependencies) = postProject
		{A4206CE7-A913-42ED-B3B9-F7CF5076633B} = {A4206CE7-A913-42ED-B3B9-F7CF5076633B}
	EndProjectSection
EndProject
Project("{8BC9CEB8-8B4A-11D0-8D11-00A0C91BC942}") = "pcm-tsx-win", "PCM-TSX_Win\pcm-tsx-win.vcxproj", "{2CDE03E0-BF03-448E-8AA6-D764F8BDE7C1}"
EndProject
Project("{8BC9CEB8-8B4A-11D0-8D11-00A0C91BC942}") = "pcm-iio-win", "PCM-IIO_Win\pcm-iio-win.vcxproj", "{36AEC65A-CF90-4730-8F18-3B8381B3690F}"
EndProject
Project("{8BC9CEB8-8B4A-11D0-8D11-00A0C91BC942}") = "pcm-lspci-win", "PCM-LSPCI_Win\pcm-lspci-win.vcxproj", "{ED742185-287E-44BD-8771-3E50871A2DCB}"
EndProject
Project("{8BC9CEB8-8B4A-11D0-8D11-00A0C91BC942}") = "pcm-pcicfg-win", "PCM-PCICFG_Win\pcm-pcicfg-win.vcxproj", "{14E59E75-FA0A-4B4C-BA15-F59C6A031F84}"
EndProject
Project("{8BC9CEB8-8B4A-11D0-8D11-00A0C91BC942}") = "pcm-latency-win", "PCM-Latency_Win\pcm-latency-win.vcxproj", "{C0457D62-B484-4E44-8FCE-25761051E698}"
EndProject
Project("{8BC9CEB8-8B4A-11D0-8D11-00A0C91BC942}") = "pcm-mmio-win", "PCM-MMIO_Win\pcm-mmio-win.vcxproj", "{C1E91036-FFE1-400E-850F-C3C5CDFCBBDC}"
EndProject
Project("{8BC9CEB8-8B4A-11D0-8D11-00A0C91BC942}") = "pcm-raw-win", "PCM-Raw_Win\pcm-raw-win.vcxproj", "{5FF04B76-D9BC-409C-A571-D760529F8AC4}"
EndProject
Global
	GlobalSection(SolutionConfigurationPlatforms) = preSolution
		Debug|x64 = Debug|x64
		Debug|x86 = Debug|x86
		Release|x64 = Release|x64
		Release|x86 = Release|x86
	EndGlobalSection
	GlobalSection(ProjectConfigurationPlatforms) = postSolution
		{A4206CE7-A913-42ED-B3B9-F7CF5076633B}.Debug|x64.ActiveCfg = Debug|x64
		{A4206CE7-A913-42ED-B3B9-F7CF5076633B}.Debug|x64.Build.0 = Debug|x64
		{A4206CE7-A913-42ED-B3B9-F7CF5076633B}.Debug|x86.ActiveCfg = Debug|Win32
		{A4206CE7-A913-42ED-B3B9-F7CF5076633B}.Debug|x86.Build.0 = Debug|Win32
		{A4206CE7-A913-42ED-B3B9-F7CF5076633B}.Release|x64.ActiveCfg = Release|x64
		{A4206CE7-A913-42ED-B3B9-F7CF5076633B}.Release|x64.Build.0 = Release|x64
		{A4206CE7-A913-42ED-B3B9-F7CF5076633B}.Release|x86.ActiveCfg = Release|Win32
		{A4206CE7-A913-42ED-B3B9-F7CF5076633B}.Release|x86.Build.0 = Release|Win32
		{D919CF99-5D9F-46C9-B6F0-626700E63592}.Debug|x64.ActiveCfg = Debug|x64
		{D919CF99-5D9F-46C9-B6F0-626700E63592}.Debug|x64.Build.0 = Debug|x64
		{D919CF99-5D9F-46C9-B6F0-626700E63592}.Debug|x86.ActiveCfg = Debug|Win32
		{D919CF99-5D9F-46C9-B6F0-626700E63592}.Debug|x86.Build.0 = Debug|Win32
		{D919CF99-5D9F-46C9-B6F0-626700E63592}.Release|x64.ActiveCfg = Release|x64
		{D919CF99-5D9F-46C9-B6F0-626700E63592}.Release|x64.Build.0 = Release|x64
		{D919CF99-5D9F-46C9-B6F0-626700E63592}.Release|x86.ActiveCfg = Release|Win32
		{D919CF99-5D9F-46C9-B6F0-626700E63592}.Release|x86.Build.0 = Release|Win32
		{CBF0B26F-19F5-4A76-BAB1-2585212026FC}.Debug|x64.ActiveCfg = Debug|x64
		{CBF0B26F-19F5-4A76-BAB1-2585212026FC}.Debug|x64.Build.0 = Debug|x64
		{CBF0B26F-19F5-4A76-BAB1-2585212026FC}.Debug|x86.ActiveCfg = Debug|Win32
		{CBF0B26F-19F5-4A76-BAB1-2585212026FC}.Debug|x86.Build.0 = Debug|Win32
		{CBF0B26F-19F5-4A76-BAB1-2585212026FC}.Release|x64.ActiveCfg = Release|x64
		{CBF0B26F-19F5-4A76-BAB1-2585212026FC}.Release|x64.Build.0 = Release|x64
		{CBF0B26F-19F5-4A76-BAB1-2585212026FC}.Release|x86.ActiveCfg = Release|Win32
		{CBF0B26F-19F5-4A76-BAB1-2585212026FC}.Release|x86.Build.0 = Release|Win32
		{BD669CC4-261D-493F-981F-DA3FED0B39F6}.Debug|x64.ActiveCfg = Debug|x64
		{BD669CC4-261D-493F-981F-DA3FED0B39F6}.Debug|x64.Build.0 = Debug|x64
		{BD669CC4-261D-493F-981F-DA3FED0B39F6}.Debug|x86.ActiveCfg = Debug|Win32
		{BD669CC4-261D-493F-981F-DA3FED0B39F6}.Debug|x86.Build.0 = Debug|Win32
		{BD669CC4-261D-493F-981F-DA3FED0B39F6}.Release|x64.ActiveCfg = Release|x64
		{BD669CC4-261D-493F-981F-DA3FED0B39F6}.Release|x64.Build.0 = Release|x64
		{BD669CC4-261D-493F-981F-DA3FED0B39F6}.Release|x86.ActiveCfg = Release|Win32
		{BD669CC4-261D-493F-981F-DA3FED0B39F6}.Release|x86.Build.0 = Release|Win32
		{E93F94F8-1797-4BF7-BC7F-8EF144FF17D9}.Debug|x64.ActiveCfg = Debug|x64
		{E93F94F8-1797-4BF7-BC7F-8EF144FF17D9}.Debug|x64.Build.0 = Debug|x64
		{E93F94F8-1797-4BF7-BC7F-8EF144FF17D9}.Debug|x86.ActiveCfg = Debug|Win32
		{E93F94F8-1797-4BF7-BC7F-8EF144FF17D9}.Debug|x86.Build.0 = Debug|Win32
		{E93F94F8-1797-4BF7-BC7F-8EF144FF17D9}.Release|x64.ActiveCfg = Release|x64
		{E93F94F8-1797-4BF7-BC7F-8EF144FF17D9}.Release|x64.Build.0 = Release|x64
		{E93F94F8-1797-4BF7-BC7F-8EF144FF17D9}.Release|x86.ActiveCfg = Release|Win32
		{E93F94F8-1797-4BF7-BC7F-8EF144FF17D9}.Release|x86.Build.0 = Release|Win32
		{45AB82E6-DADE-46E8-84D0-7481D2818849}.Debug|x64.ActiveCfg = Debug|x64
		{45AB82E6-DADE-46E8-84D0-7481D2818849}.Debug|x64.Build.0 = Debug|x64
		{45AB82E6-DADE-46E8-84D0-7481D2818849}.Debug|x86.ActiveCfg = Debug|Win32
		{45AB82E6-DADE-46E8-84D0-7481D2818849}.Debug|x86.Build.0 = Debug|Win32
		{45AB82E6-DADE-46E8-84D0-7481D2818849}.Release|x64.ActiveCfg = Release|x64
		{45AB82E6-DADE-46E8-84D0-7481D2818849}.Release|x64.Build.0 = Release|x64
		{45AB82E6-DADE-46E8-84D0-7481D2818849}.Release|x86.ActiveCfg = Release|Win32
		{45AB82E6-DADE-46E8-84D0-7481D2818849}.Release|x86.Build.0 = Release|Win32
		{1FAE01E6-5CD0-4C91-8C82-4FBCBB4CC419}.Debug|x64.ActiveCfg = Debug|x64
		{1FAE01E6-5CD0-4C91-8C82-4FBCBB4CC419}.Debug|x64.Build.0 = Debug|x64
		{1FAE01E6-5CD0-4C91-8C82-4FBCBB4CC419}.Debug|x86.ActiveCfg = Debug|Win32
		{1FAE01E6-5CD0-4C91-8C82-4FBCBB4CC419}.Debug|x86.Build.0 = Debug|Win32
		{1FAE01E6-5CD0-4C91-8C82-4FBCBB4CC419}.Release|x64.ActiveCfg = Release|x64
		{1FAE01E6-5CD0-4C91-8C82-4FBCBB4CC419}.Release|x64.Build.0 = Release|x64
		{1FAE01E6-5CD0-4C91-8C82-4FBCBB4CC419}.Release|x86.ActiveCfg = Release|Win32
		{1FAE01E6-5CD0-4C91-8C82-4FBCBB4CC419}.Release|x86.Build.0 = Release|Win32
		{78F57684-F6F2-4691-B498-C7FC0731F875}.Debug|x64.ActiveCfg = Debug|x64
		{78F57684-F6F2-4691-B498-C7FC0731F875}.Debug|x64.Build.0 = Debug|x64
		{78F57684-F6F2-4691-B498-C7FC0731F875}.Debug|x86.ActiveCfg = Debug|Win32
		{78F57684-F6F2-4691-B498-C7FC0731F875}.Debug|x86.Build.0 = Debug|Win32
		{78F57684-F6F2-4691-B498-C7FC0731F875}.Release|x64.ActiveCfg = Release|x64
		{78F57684-F6F2-4691-B498-C7FC0731F875}.Release|x64.Build.0 = Release|x64
		{78F57684-F6F2-4691-B498-C7FC0731F875}.Release|x86.ActiveCfg = Release|Win32
		{78F57684-F6F2-4691-B498-C7FC0731F875}.Release|x86.Build.0 = Release|Win32
		{A0DD26AB-CC35-41E5-B676-1E0FBCEF0DDC}.Debug|x64.ActiveCfg = Debug|x64
		{A0DD26AB-CC35-41E5-B676-1E0FBCEF0DDC}.Debug|x64.Build.0 = Debug|x64
		{A0DD26AB-CC35-41E5-B676-1E0FBCEF0DDC}.Debug|x86.ActiveCfg = Debug|Win32
		{A0DD26AB-CC35-41E5-B676-1E0FBCEF0DDC}.Debug|x86.Build.0 = Debug|Win32
		{A0DD26AB-CC35-41E5-B676-1E0FBCEF0DDC}.Release|x64.ActiveCfg = Release|x64
		{A0DD26AB-CC35-41E5-B676-1E0FBCEF0DDC}.Release|x64.Build.0 = Release|x64
		{A0DD26AB-CC35-41E5-B676-1E0FBCEF0DDC}.Release|x86.ActiveCfg = Release|Win32
		{A0DD26AB-CC35-41E5-B676-1E0FBCEF0DDC}.Release|x86.Build.0 = Release|Win32
		{2CDE03E0-BF03-448E-8AA6-D764F8BDE7C1}.Debug|x64.ActiveCfg = Debug|x64
		{2CDE03E0-BF03-448E-8AA6-D764F8BDE7C1}.Debug|x64.Build.0 = Debug|x64
		{2CDE03E0-BF03-448E-8AA6-D764F8BDE7C1}.Debug|x86.ActiveCfg = Debug|Win32
		{2CDE03E0-BF03-448E-8AA6-D764F8BDE7C1}.Debug|x86.Build.0 = Debug|Win32
		{2CDE03E0-BF03-448E-8AA6-D764F8BDE7C1}.Release|x64.ActiveCfg = Release|x64
		{2CDE03E0-BF03-448E-8AA6-D764F8BDE7C1}.Release|x64.Build.0 = Release|x64
		{2CDE03E0-BF03-448E-8AA6-D764F8BDE7C1}.Release|x86.ActiveCfg = Release|Win32
		{2CDE03E0-BF03-448E-8AA6-D764F8BDE7C1}.Release|x86.Build.0 = Release|Win32
		{36AEC65A-CF90-4730-8F18-3B8381B3690F}.Debug|x64.ActiveCfg = Debug|x64
		{36AEC65A-CF90-4730-8F18-3B8381B3690F}.Debug|x64.Build.0 = Debug|x64
		{36AEC65A-CF90-4730-8F18-3B8381B3690F}.Debug|x86.ActiveCfg = Debug|Win32
		{36AEC65A-CF90-4730-8F18-3B8381B3690F}.Debug|x86.Build.0 = Debug|Win32
		{36AEC65A-CF90-4730-8F18-3B8381B3690F}.Release|x64.ActiveCfg = Release|x64
		{36AEC65A-CF90-4730-8F18-3B8381B3690F}.Release|x64.Build.0 = Release|x64
		{36AEC65A-CF90-4730-8F18-3B8381B3690F}.Release|x86.ActiveCfg = Release|Win32
		{36AEC65A-CF90-4730-8F18-3B8381B3690F}.Release|x86.Build.0 = Release|Win32
		{ED742185-287E-44BD-8771-3E50871A2DCB}.Debug|x64.ActiveCfg = Debug|x64
		{ED742185-287E-44BD-8771-3E50871A2DCB}.Debug|x64.Build.0 = Debug|x64
		{ED742185-287E-44BD-8771-3E50871A2DCB}.Debug|x86.ActiveCfg = Debug|Win32
		{ED742185-287E-44BD-8771-3E50871A2DCB}.Debug|x86.Build.0 = Debug|Win32
		{ED742185-287E-44BD-8771-3E50871A2DCB}.Release|x64.ActiveCfg = Release|x64
		{ED742185-287E-44BD-8771-3E50871A2DCB}.Release|x64.Build.0 = Release|x64
		{ED742185-287E-44BD-8771-3E50871A2DCB}.Release|x86.ActiveCfg = Release|Win32
		{ED742185-287E-44BD-8771-3E50871A2DCB}.Release|x86.Build.0 = Release|Win32
		{14E59E75-FA0A-4B4C-BA15-F59C6A031F84}.Debug|x64.ActiveCfg = Debug|x64
		{14E59E75-FA0A-4B4C-BA15-F59C6A031F84}.Debug|x64.Build.0 = Debug|x64
		{14E59E75-FA0A-4B4C-BA15-F59C6A031F84}.Debug|x86.ActiveCfg = Debug|Win32
		{14E59E75-FA0A-4B4C-BA15-F59C6A031F84}.Debug|x86.Build.0 = Debug|Win32
		{14E59E75-FA0A-4B4C-BA15-F59C6A031F84}.Release|x64.ActiveCfg = Release|x64
		{14E59E75-FA0A-4B4C-BA15-F59C6A031F84}.Release|x64.Build.0 = Release|x64
		{14E59E75-FA0A-4B4C-BA15-F59C6A031F84}.Release|x86.ActiveCfg = Release|Win32
		{14E59E75-FA0A-4B4C-BA15-F59C6A031F84}.Release|x86.Build.0 = Release|Win32
		{C0457D62-B484-4E44-8FCE-25761051E698}.Debug|x64.ActiveCfg = Debug|x64
		{C0457D62-B484-4E44-8FCE-25761051E698}.Debug|x64.Build.0 = Debug|x64
		{C0457D62-B484-4E44-8FCE-25761051E698}.Debug|x86.ActiveCfg = Debug|Win32
		{C0457D62-B484-4E44-8FCE-25761051E698}.Debug|x86.Build.0 = Debug|Win32
		{C0457D62-B484-4E44-8FCE-25761051E698}.Release|x64.ActiveCfg = Release|x64
		{C0457D62-B484-4E44-8FCE-25761051E698}.Release|x64.Build.0 = Release|x64
		{C0457D62-B484-4E44-8FCE-25761051E698}.Release|x86.ActiveCfg = Release|Win32
		{C0457D62-B484-4E44-8FCE-25761051E698}.Release|x86.Build.0 = Release|Win32
		{C1E91036-FFE1-400E-850F-C3C5CDFCBBDC}.Debug|x64.ActiveCfg = Debug|x64
		{C1E91036-FFE1-400E-850F-C3C5CDFCBBDC}.Debug|x64.Build.0 = Debug|x64
		{C1E91036-FFE1-400E-850F-C3C5CDFCBBDC}.Debug|x86.ActiveCfg = Debug|Win32
		{C1E91036-FFE1-400E-850F-C3C5CDFCBBDC}.Debug|x86.Build.0 = Debug|Win32
		{C1E91036-FFE1-400E-850F-C3C5CDFCBBDC}.Release|x64.ActiveCfg = Release|x64
		{C1E91036-FFE1-400E-850F-C3C5CDFCBBDC}.Release|x64.Build.0 = Release|x64
		{C1E91036-FFE1-400E-850F-C3C5CDFCBBDC}.Release|x86.ActiveCfg = Release|Win32
		{C1E91036-FFE1-400E-850F-C3C5CDFCBBDC}.Release|x86.Build.0 = Release|Win32
		{5FF04B76-D9BC-409C-A571-D760529F8AC4}.Debug|x64.ActiveCfg = Debug|x64
		{5FF04B76-D9BC-409C-A571-D760529F8AC4}.Debug|x64.Build.0 = Debug|x64
		{5FF04B76-D9BC-409C-A571-D760529F8AC4}.Debug|x86.ActiveCfg = Debug|Win32
		{5FF04B76-D9BC-409C-A571-D760529F8AC4}.Debug|x86.Build.0 = Debug|Win32
		{5FF04B76-D9BC-409C-A571-D760529F8AC4}.Release|x64.ActiveCfg = Release|x64
		{5FF04B76-D9BC-409C-A571-D760529F8AC4}.Release|x64.Build.0 = Release|x64
		{5FF04B76-D9BC-409C-A571-D760529F8AC4}.Release|x86.ActiveCfg = Release|Win32
		{5FF04B76-D9BC-409C-A571-D760529F8AC4}.Release|x86.Build.0 = Release|Win32
	EndGlobalSection
	GlobalSection(SolutionProperties) = preSolution
		HideSolutionNode = FALSE
	EndGlobalSection
EndGlobal
